// !$*UTF8*$!
{
	archiveVersion = 1;
	classes = {
	};
	objectVersion = 56;
	objects = {

/* Begin PBXBuildFile section */
		250A715B2A98442A00B03B61 /* HTTPClientSpy.swift in Sources */ = {isa = PBXBuildFile; fileRef = 250A715A2A98442A00B03B61 /* HTTPClientSpy.swift */; };
		2565A4ED2A96538C0033FEDB /* AppDelegate.swift in Sources */ = {isa = PBXBuildFile; fileRef = 2565A4EC2A96538C0033FEDB /* AppDelegate.swift */; };
		2565A4EF2A96538C0033FEDB /* SceneDelegate.swift in Sources */ = {isa = PBXBuildFile; fileRef = 2565A4EE2A96538C0033FEDB /* SceneDelegate.swift */; };
		2565A4F12A96538C0033FEDB /* SearchImageViewController.swift in Sources */ = {isa = PBXBuildFile; fileRef = 2565A4F02A96538C0033FEDB /* SearchImageViewController.swift */; };
		2565A4F62A96538E0033FEDB /* Assets.xcassets in Resources */ = {isa = PBXBuildFile; fileRef = 2565A4F52A96538E0033FEDB /* Assets.xcassets */; };
		2565A4F92A96538E0033FEDB /* LaunchScreen.storyboard in Resources */ = {isa = PBXBuildFile; fileRef = 2565A4F72A96538E0033FEDB /* LaunchScreen.storyboard */; };
		2565A5042A96538E0033FEDB /* RemoteLoadSearchItemsTests.swift in Sources */ = {isa = PBXBuildFile; fileRef = 2565A5032A96538E0033FEDB /* RemoteLoadSearchItemsTests.swift */; };
		2565A50E2A96538E0033FEDB /* AppGardenUITests.swift in Sources */ = {isa = PBXBuildFile; fileRef = 2565A50D2A96538E0033FEDB /* AppGardenUITests.swift */; };
		2565A5102A96538E0033FEDB /* AppGardenUITestsLaunchTests.swift in Sources */ = {isa = PBXBuildFile; fileRef = 2565A50F2A96538E0033FEDB /* AppGardenUITestsLaunchTests.swift */; };
		25AC1F412A98D0A00068FF4D /* SearchImagePresenter.swift in Sources */ = {isa = PBXBuildFile; fileRef = 25AC1F402A98D0A00068FF4D /* SearchImagePresenter.swift */; };
		25D3046D2A96690F00E4EBE3 /* LHNetworkClient in Frameworks */ = {isa = PBXBuildFile; productRef = 25D3046C2A96690F00E4EBE3 /* LHNetworkClient */; };
		25D3047C2A96718B00E4EBE3 /* LHHelpers in Frameworks */ = {isa = PBXBuildFile; productRef = 25D3047B2A96718B00E4EBE3 /* LHHelpers */; };
		25D304842A967E2B00E4EBE3 /* Localizable.strings in Resources */ = {isa = PBXBuildFile; fileRef = 25D304862A967E2B00E4EBE3 /* Localizable.strings */; };
		25D304882A96815B00E4EBE3 /* Strings.swift in Sources */ = {isa = PBXBuildFile; fileRef = 25D304872A96815B00E4EBE3 /* Strings.swift */; };
		25D3048A2A96823000E4EBE3 /* ImageGridCell.swift in Sources */ = {isa = PBXBuildFile; fileRef = 25D304892A96823000E4EBE3 /* ImageGridCell.swift */; };
		25D3048C2A96828400E4EBE3 /* SearchImageView.swift in Sources */ = {isa = PBXBuildFile; fileRef = 25D3048B2A96828400E4EBE3 /* SearchImageView.swift */; };
		25D304992A9685D400E4EBE3 /* SearchResponse.swift in Sources */ = {isa = PBXBuildFile; fileRef = 25D304982A9685D400E4EBE3 /* SearchResponse.swift */; };
		25D3049B2A968B7700E4EBE3 /* RemoteLoadSearchItems.swift in Sources */ = {isa = PBXBuildFile; fileRef = 25D3049A2A968B7700E4EBE3 /* RemoteLoadSearchItems.swift */; };
		25D3049E2A9690C300E4EBE3 /* SearchImagePresenter.swift in Sources */ = {isa = PBXBuildFile; fileRef = 25D3049D2A9690C300E4EBE3 /* SearchImagePresenter.swift */; };
		25D304A12A9698E800E4EBE3 /* SearchImageViewModel.swift in Sources */ = {isa = PBXBuildFile; fileRef = 25D304A02A9698E800E4EBE3 /* SearchImageViewModel.swift */; };
		25D304A42A96994700E4EBE3 /* SDWebImage in Frameworks */ = {isa = PBXBuildFile; productRef = 25D304A32A96994700E4EBE3 /* SDWebImage */; };
		25D304A62A96CD6000E4EBE3 /* SearchErrorView.swift in Sources */ = {isa = PBXBuildFile; fileRef = 25D304A52A96CD6000E4EBE3 /* SearchErrorView.swift */; };
		25D304A92A96CE7D00E4EBE3 /* MainQueueDispatchDecorator.swift in Sources */ = {isa = PBXBuildFile; fileRef = 25D304A82A96CE7D00E4EBE3 /* MainQueueDispatchDecorator.swift */; };
		25D304AC2A96CEB500E4EBE3 /* MainQueueDispatchDecorator+LoadSearchItems.swift in Sources */ = {isa = PBXBuildFile; fileRef = 25D304AB2A96CEB500E4EBE3 /* MainQueueDispatchDecorator+LoadSearchItems.swift */; };
		25D304AF2A9774D700E4EBE3 /* Enviroment.swift in Sources */ = {isa = PBXBuildFile; fileRef = 25D304AE2A9774D700E4EBE3 /* Enviroment.swift */; };
		25D304B12A9777C500E4EBE3 /* SearchProvider.swift in Sources */ = {isa = PBXBuildFile; fileRef = 25D304B02A9777C500E4EBE3 /* SearchProvider.swift */; };
		25D304B32A97780B00E4EBE3 /* DomainError.swift in Sources */ = {isa = PBXBuildFile; fileRef = 25D304B22A97780B00E4EBE3 /* DomainError.swift */; };
		25D304B52A97966E00E4EBE3 /* ImageDetailViewController.swift in Sources */ = {isa = PBXBuildFile; fileRef = 25D304B42A97966E00E4EBE3 /* ImageDetailViewController.swift */; };
		25D304BB2A97992000E4EBE3 /* ImageDetailView.swift in Sources */ = {isa = PBXBuildFile; fileRef = 25D304BA2A97992000E4EBE3 /* ImageDetailView.swift */; };
		25D304BD2A97ABE500E4EBE3 /* ImageDetailPresenter.swift in Sources */ = {isa = PBXBuildFile; fileRef = 25D304BC2A97ABE500E4EBE3 /* ImageDetailPresenter.swift */; };
		25D304C12A97D88000E4EBE3 /* Metrics.swift in Sources */ = {isa = PBXBuildFile; fileRef = 25D304C02A97D88000E4EBE3 /* Metrics.swift */; };
		25D304C42A97DE0D00E4EBE3 /* Date+Formatter.swift in Sources */ = {isa = PBXBuildFile; fileRef = 25D304C32A97DE0D00E4EBE3 /* Date+Formatter.swift */; };
		25D304C72A97DEB900E4EBE3 /* DetailRowView.swift in Sources */ = {isa = PBXBuildFile; fileRef = 25D304C62A97DEB900E4EBE3 /* DetailRowView.swift */; };
		25D304C92A97DEDE00E4EBE3 /* DetailInfoContainerView.swift in Sources */ = {isa = PBXBuildFile; fileRef = 25D304C82A97DEDE00E4EBE3 /* DetailInfoContainerView.swift */; };
		25D304CB2A97E1C900E4EBE3 /* HTMLSizeMapper.swift in Sources */ = {isa = PBXBuildFile; fileRef = 25D304CA2A97E1C900E4EBE3 /* HTMLSizeMapper.swift */; };
		25D304CE2A97F05E00E4EBE3 /* Coordinator.swift in Sources */ = {isa = PBXBuildFile; fileRef = 25D304CD2A97F05E00E4EBE3 /* Coordinator.swift */; };
		25D304D12A97F0C000E4EBE3 /* SearchImageCoordinator.swift in Sources */ = {isa = PBXBuildFile; fileRef = 25D304D02A97F0C000E4EBE3 /* SearchImageCoordinator.swift */; };
		25D304D42A97F2BD00E4EBE3 /* DependencyContainer.swift in Sources */ = {isa = PBXBuildFile; fileRef = 25D304D32A97F2BD00E4EBE3 /* DependencyContainer.swift */; };
		25D304D62A97F72900E4EBE3 /* SearchImageFactory.swift in Sources */ = {isa = PBXBuildFile; fileRef = 25D304D52A97F72800E4EBE3 /* SearchImageFactory.swift */; };
		25D304D92A97F85F00E4EBE3 /* SDWebImage in Frameworks */ = {isa = PBXBuildFile; productRef = 25D304D82A97F85F00E4EBE3 /* SDWebImage */; };
		25D304DC2A98CD9E00E4EBE3 /* XCTestCase+MemoryLeak.swift in Sources */ = {isa = PBXBuildFile; fileRef = 25D304DB2A98CD9E00E4EBE3 /* XCTestCase+MemoryLeak.swift */; };
/* End PBXBuildFile section */

/* Begin PBXContainerItemProxy section */
		2565A5002A96538E0033FEDB /* PBXContainerItemProxy */ = {
			isa = PBXContainerItemProxy;
			containerPortal = 2565A4E12A96538C0033FEDB /* Project object */;
			proxyType = 1;
			remoteGlobalIDString = 2565A4E82A96538C0033FEDB;
			remoteInfo = AppGarden;
		};
		2565A50A2A96538E0033FEDB /* PBXContainerItemProxy */ = {
			isa = PBXContainerItemProxy;
			containerPortal = 2565A4E12A96538C0033FEDB /* Project object */;
			proxyType = 1;
			remoteGlobalIDString = 2565A4E82A96538C0033FEDB;
			remoteInfo = AppGarden;
		};
/* End PBXContainerItemProxy section */

/* Begin PBXFileReference section */
		250A715A2A98442A00B03B61 /* HTTPClientSpy.swift */ = {isa = PBXFileReference; lastKnownFileType = sourcecode.swift; path = HTTPClientSpy.swift; sourceTree = "<group>"; };
		2565A4E92A96538C0033FEDB /* AppGarden.app */ = {isa = PBXFileReference; explicitFileType = wrapper.application; includeInIndex = 0; path = AppGarden.app; sourceTree = BUILT_PRODUCTS_DIR; };
		2565A4EC2A96538C0033FEDB /* AppDelegate.swift */ = {isa = PBXFileReference; lastKnownFileType = sourcecode.swift; path = AppDelegate.swift; sourceTree = "<group>"; };
		2565A4EE2A96538C0033FEDB /* SceneDelegate.swift */ = {isa = PBXFileReference; lastKnownFileType = sourcecode.swift; path = SceneDelegate.swift; sourceTree = "<group>"; };
		2565A4F02A96538C0033FEDB /* SearchImageViewController.swift */ = {isa = PBXFileReference; lastKnownFileType = sourcecode.swift; path = SearchImageViewController.swift; sourceTree = "<group>"; };
		2565A4F52A96538E0033FEDB /* Assets.xcassets */ = {isa = PBXFileReference; lastKnownFileType = folder.assetcatalog; path = Assets.xcassets; sourceTree = "<group>"; };
		2565A4F82A96538E0033FEDB /* Base */ = {isa = PBXFileReference; lastKnownFileType = file.storyboard; name = Base; path = Base.lproj/LaunchScreen.storyboard; sourceTree = "<group>"; };
		2565A4FA2A96538E0033FEDB /* Info.plist */ = {isa = PBXFileReference; lastKnownFileType = text.plist.xml; path = Info.plist; sourceTree = "<group>"; };
		2565A4FF2A96538E0033FEDB /* AppGardenTests.xctest */ = {isa = PBXFileReference; explicitFileType = wrapper.cfbundle; includeInIndex = 0; path = AppGardenTests.xctest; sourceTree = BUILT_PRODUCTS_DIR; };
		2565A5032A96538E0033FEDB /* RemoteLoadSearchItemsTests.swift */ = {isa = PBXFileReference; lastKnownFileType = sourcecode.swift; path = RemoteLoadSearchItemsTests.swift; sourceTree = "<group>"; };
		2565A5092A96538E0033FEDB /* AppGardenUITests.xctest */ = {isa = PBXFileReference; explicitFileType = wrapper.cfbundle; includeInIndex = 0; path = AppGardenUITests.xctest; sourceTree = BUILT_PRODUCTS_DIR; };
		2565A50D2A96538E0033FEDB /* AppGardenUITests.swift */ = {isa = PBXFileReference; lastKnownFileType = sourcecode.swift; path = AppGardenUITests.swift; sourceTree = "<group>"; };
		2565A50F2A96538E0033FEDB /* AppGardenUITestsLaunchTests.swift */ = {isa = PBXFileReference; lastKnownFileType = sourcecode.swift; path = AppGardenUITestsLaunchTests.swift; sourceTree = "<group>"; };
		25AC1F402A98D0A00068FF4D /* SearchImagePresenter.swift */ = {isa = PBXFileReference; lastKnownFileType = sourcecode.swift; path = SearchImagePresenter.swift; sourceTree = "<group>"; };
		25AC1F422A98D2B60068FF4D /* AppGarden.xctestplan */ = {isa = PBXFileReference; lastKnownFileType = text; path = AppGarden.xctestplan; sourceTree = "<group>"; };
		25D304852A967E2B00E4EBE3 /* en */ = {isa = PBXFileReference; lastKnownFileType = text.plist.strings; name = en; path = en.lproj/Localizable.strings; sourceTree = "<group>"; };
		25D304872A96815B00E4EBE3 /* Strings.swift */ = {isa = PBXFileReference; fileEncoding = 4; lastKnownFileType = sourcecode.swift; path = Strings.swift; sourceTree = "<group>"; };
		25D304892A96823000E4EBE3 /* ImageGridCell.swift */ = {isa = PBXFileReference; lastKnownFileType = sourcecode.swift; path = ImageGridCell.swift; sourceTree = "<group>"; };
		25D3048B2A96828400E4EBE3 /* SearchImageView.swift */ = {isa = PBXFileReference; lastKnownFileType = sourcecode.swift; path = SearchImageView.swift; sourceTree = "<group>"; };
		25D304982A9685D400E4EBE3 /* SearchResponse.swift */ = {isa = PBXFileReference; lastKnownFileType = sourcecode.swift; path = SearchResponse.swift; sourceTree = "<group>"; };
		25D3049A2A968B7700E4EBE3 /* RemoteLoadSearchItems.swift */ = {isa = PBXFileReference; lastKnownFileType = sourcecode.swift; path = RemoteLoadSearchItems.swift; sourceTree = "<group>"; };
		25D3049D2A9690C300E4EBE3 /* SearchImagePresenter.swift */ = {isa = PBXFileReference; lastKnownFileType = sourcecode.swift; path = SearchImagePresenter.swift; sourceTree = "<group>"; };
		25D304A02A9698E800E4EBE3 /* SearchImageViewModel.swift */ = {isa = PBXFileReference; lastKnownFileType = sourcecode.swift; path = SearchImageViewModel.swift; sourceTree = "<group>"; };
		25D304A52A96CD6000E4EBE3 /* SearchErrorView.swift */ = {isa = PBXFileReference; lastKnownFileType = sourcecode.swift; path = SearchErrorView.swift; sourceTree = "<group>"; };
		25D304A82A96CE7D00E4EBE3 /* MainQueueDispatchDecorator.swift */ = {isa = PBXFileReference; lastKnownFileType = sourcecode.swift; path = MainQueueDispatchDecorator.swift; sourceTree = "<group>"; };
		25D304AB2A96CEB500E4EBE3 /* MainQueueDispatchDecorator+LoadSearchItems.swift */ = {isa = PBXFileReference; lastKnownFileType = sourcecode.swift; path = "MainQueueDispatchDecorator+LoadSearchItems.swift"; sourceTree = "<group>"; };
		25D304AE2A9774D700E4EBE3 /* Enviroment.swift */ = {isa = PBXFileReference; lastKnownFileType = sourcecode.swift; path = Enviroment.swift; sourceTree = "<group>"; };
		25D304B02A9777C500E4EBE3 /* SearchProvider.swift */ = {isa = PBXFileReference; lastKnownFileType = sourcecode.swift; path = SearchProvider.swift; sourceTree = "<group>"; };
		25D304B22A97780B00E4EBE3 /* DomainError.swift */ = {isa = PBXFileReference; lastKnownFileType = sourcecode.swift; path = DomainError.swift; sourceTree = "<group>"; };
		25D304B42A97966E00E4EBE3 /* ImageDetailViewController.swift */ = {isa = PBXFileReference; lastKnownFileType = sourcecode.swift; path = ImageDetailViewController.swift; sourceTree = "<group>"; };
		25D304BA2A97992000E4EBE3 /* ImageDetailView.swift */ = {isa = PBXFileReference; lastKnownFileType = sourcecode.swift; path = ImageDetailView.swift; sourceTree = "<group>"; };
		25D304BC2A97ABE500E4EBE3 /* ImageDetailPresenter.swift */ = {isa = PBXFileReference; lastKnownFileType = sourcecode.swift; path = ImageDetailPresenter.swift; sourceTree = "<group>"; };
		25D304C02A97D88000E4EBE3 /* Metrics.swift */ = {isa = PBXFileReference; lastKnownFileType = sourcecode.swift; path = Metrics.swift; sourceTree = "<group>"; };
		25D304C32A97DE0D00E4EBE3 /* Date+Formatter.swift */ = {isa = PBXFileReference; lastKnownFileType = sourcecode.swift; path = "Date+Formatter.swift"; sourceTree = "<group>"; };
		25D304C62A97DEB900E4EBE3 /* DetailRowView.swift */ = {isa = PBXFileReference; lastKnownFileType = sourcecode.swift; path = DetailRowView.swift; sourceTree = "<group>"; };
		25D304C82A97DEDE00E4EBE3 /* DetailInfoContainerView.swift */ = {isa = PBXFileReference; lastKnownFileType = sourcecode.swift; path = DetailInfoContainerView.swift; sourceTree = "<group>"; };
		25D304CA2A97E1C900E4EBE3 /* HTMLSizeMapper.swift */ = {isa = PBXFileReference; lastKnownFileType = sourcecode.swift; path = HTMLSizeMapper.swift; sourceTree = "<group>"; };
		25D304CD2A97F05E00E4EBE3 /* Coordinator.swift */ = {isa = PBXFileReference; lastKnownFileType = sourcecode.swift; path = Coordinator.swift; sourceTree = "<group>"; };
		25D304D02A97F0C000E4EBE3 /* SearchImageCoordinator.swift */ = {isa = PBXFileReference; lastKnownFileType = sourcecode.swift; path = SearchImageCoordinator.swift; sourceTree = "<group>"; };
		25D304D32A97F2BD00E4EBE3 /* DependencyContainer.swift */ = {isa = PBXFileReference; lastKnownFileType = sourcecode.swift; path = DependencyContainer.swift; sourceTree = "<group>"; };
		25D304D52A97F72800E4EBE3 /* SearchImageFactory.swift */ = {isa = PBXFileReference; lastKnownFileType = sourcecode.swift; path = SearchImageFactory.swift; sourceTree = "<group>"; };
		25D304DB2A98CD9E00E4EBE3 /* XCTestCase+MemoryLeak.swift */ = {isa = PBXFileReference; lastKnownFileType = sourcecode.swift; path = "XCTestCase+MemoryLeak.swift"; sourceTree = "<group>"; };
/* End PBXFileReference section */

/* Begin PBXFrameworksBuildPhase section */
		2565A4E62A96538C0033FEDB /* Frameworks */ = {
			isa = PBXFrameworksBuildPhase;
			buildActionMask = 2147483647;
			files = (
				25D304A42A96994700E4EBE3 /* SDWebImage in Frameworks */,
				25D3047C2A96718B00E4EBE3 /* LHHelpers in Frameworks */,
				25D3046D2A96690F00E4EBE3 /* LHNetworkClient in Frameworks */,
			);
			runOnlyForDeploymentPostprocessing = 0;
		};
		2565A4FC2A96538E0033FEDB /* Frameworks */ = {
			isa = PBXFrameworksBuildPhase;
			buildActionMask = 2147483647;
			files = (
				25D304D92A97F85F00E4EBE3 /* SDWebImage in Frameworks */,
			);
			runOnlyForDeploymentPostprocessing = 0;
		};
		2565A5062A96538E0033FEDB /* Frameworks */ = {
			isa = PBXFrameworksBuildPhase;
			buildActionMask = 2147483647;
			files = (
			);
			runOnlyForDeploymentPostprocessing = 0;
		};
/* End PBXFrameworksBuildPhase section */

/* Begin PBXGroup section */
		250A71562A982F1C00B03B61 /* Features */ = {
			isa = PBXGroup;
			children = (
				250A71572A982F2800B03B61 /* Grid */,
			);
			path = Features;
			sourceTree = "<group>";
		};
		250A71572A982F2800B03B61 /* Grid */ = {
			isa = PBXGroup;
			children = (
				25AC1F3F2A98D0980068FF4D /* Presenter */,
				250A71592A98441F00B03B61 /* Spy */,
				250A71582A982F5800B03B61 /* UseCase */,
			);
			path = Grid;
			sourceTree = "<group>";
		};
		250A71582A982F5800B03B61 /* UseCase */ = {
			isa = PBXGroup;
			children = (
				2565A5032A96538E0033FEDB /* RemoteLoadSearchItemsTests.swift */,
			);
			path = UseCase;
			sourceTree = "<group>";
		};
		250A71592A98441F00B03B61 /* Spy */ = {
			isa = PBXGroup;
			children = (
				250A715A2A98442A00B03B61 /* HTTPClientSpy.swift */,
			);
			path = Spy;
			sourceTree = "<group>";
		};
		2565A4E02A96538C0033FEDB = {
			isa = PBXGroup;
			children = (
				25AC1F422A98D2B60068FF4D /* AppGarden.xctestplan */,
				2565A4EB2A96538C0033FEDB /* AppGarden */,
				2565A5022A96538E0033FEDB /* AppGardenTests */,
				2565A50C2A96538E0033FEDB /* AppGardenUITests */,
				2565A4EA2A96538C0033FEDB /* Products */,
				25D304D72A97F85F00E4EBE3 /* Frameworks */,
			);
			sourceTree = "<group>";
		};
		2565A4EA2A96538C0033FEDB /* Products */ = {
			isa = PBXGroup;
			children = (
				2565A4E92A96538C0033FEDB /* AppGarden.app */,
				2565A4FF2A96538E0033FEDB /* AppGardenTests.xctest */,
				2565A5092A96538E0033FEDB /* AppGardenUITests.xctest */,
			);
			name = Products;
			sourceTree = "<group>";
		};
		2565A4EB2A96538C0033FEDB /* AppGarden */ = {
			isa = PBXGroup;
			children = (
				25D304AD2A9774CB00E4EBE3 /* Constants */,
				25D304952A96855A00E4EBE3 /* Common */,
				25D3048D2A96829B00E4EBE3 /* Features */,
				25D3047F2A967D8300E4EBE3 /* Support */,
				2565A4EC2A96538C0033FEDB /* AppDelegate.swift */,
				2565A4EE2A96538C0033FEDB /* SceneDelegate.swift */,
				2565A4F52A96538E0033FEDB /* Assets.xcassets */,
				2565A4F72A96538E0033FEDB /* LaunchScreen.storyboard */,
				2565A4FA2A96538E0033FEDB /* Info.plist */,
			);
			path = AppGarden;
			sourceTree = "<group>";
		};
		2565A5022A96538E0033FEDB /* AppGardenTests */ = {
			isa = PBXGroup;
			children = (
				25D304DA2A98CD4E00E4EBE3 /* Extensions */,
				250A71562A982F1C00B03B61 /* Features */,
			);
			path = AppGardenTests;
			sourceTree = "<group>";
		};
		2565A50C2A96538E0033FEDB /* AppGardenUITests */ = {
			isa = PBXGroup;
			children = (
				2565A50D2A96538E0033FEDB /* AppGardenUITests.swift */,
				2565A50F2A96538E0033FEDB /* AppGardenUITestsLaunchTests.swift */,
			);
			path = AppGardenUITests;
			sourceTree = "<group>";
		};
		25AC1F3F2A98D0980068FF4D /* Presenter */ = {
			isa = PBXGroup;
			children = (
				25AC1F402A98D0A00068FF4D /* SearchImagePresenter.swift */,
			);
			path = Presenter;
			sourceTree = "<group>";
		};
		25D3047D2A967D6D00E4EBE3 /* Presentation */ = {
			isa = PBXGroup;
			children = (
				25D3049C2A96908A00E4EBE3 /* Presenter */,
				25D304832A967DD700E4EBE3 /* Controller */,
				25D3047E2A967D7400E4EBE3 /* View */,
			);
			path = Presentation;
			sourceTree = "<group>";
		};
		25D3047E2A967D7400E4EBE3 /* View */ = {
			isa = PBXGroup;
			children = (
				25D304892A96823000E4EBE3 /* ImageGridCell.swift */,
				25D3048B2A96828400E4EBE3 /* SearchImageView.swift */,
				25D304A52A96CD6000E4EBE3 /* SearchErrorView.swift */,
			);
			path = View;
			sourceTree = "<group>";
		};
		25D3047F2A967D8300E4EBE3 /* Support */ = {
			isa = PBXGroup;
			children = (
				25D304802A967D8900E4EBE3 /* Strings */,
			);
			path = Support;
			sourceTree = "<group>";
		};
		25D304802A967D8900E4EBE3 /* Strings */ = {
			isa = PBXGroup;
			children = (
				25D304872A96815B00E4EBE3 /* Strings.swift */,
				25D304862A967E2B00E4EBE3 /* Localizable.strings */,
			);
			path = Strings;
			sourceTree = "<group>";
		};
		25D304832A967DD700E4EBE3 /* Controller */ = {
			isa = PBXGroup;
			children = (
				2565A4F02A96538C0033FEDB /* SearchImageViewController.swift */,
			);
			path = Controller;
			sourceTree = "<group>";
		};
		25D3048D2A96829B00E4EBE3 /* Features */ = {
			isa = PBXGroup;
			children = (
				25D304902A9682A600E4EBE3 /* Detail */,
				25D3048E2A9682A000E4EBE3 /* Grid */,
			);
			path = Features;
			sourceTree = "<group>";
		};
		25D3048E2A9682A000E4EBE3 /* Grid */ = {
			isa = PBXGroup;
			children = (
				25D304CF2A97F0A800E4EBE3 /* Flow */,
				25D304AA2A96CE9300E4EBE3 /* Extension */,
				25D304932A96853200E4EBE3 /* UseCase */,
				25D3047D2A967D6D00E4EBE3 /* Presentation */,
			);
			path = Grid;
			sourceTree = "<group>";
		};
		25D304902A9682A600E4EBE3 /* Detail */ = {
			isa = PBXGroup;
			children = (
				25D304B62A9798F700E4EBE3 /* Presentation */,
			);
			path = Detail;
			sourceTree = "<group>";
		};
		25D304932A96853200E4EBE3 /* UseCase */ = {
			isa = PBXGroup;
			children = (
				25D3049A2A968B7700E4EBE3 /* RemoteLoadSearchItems.swift */,
				25D304B02A9777C500E4EBE3 /* SearchProvider.swift */,
			);
			path = UseCase;
			sourceTree = "<group>";
		};
		25D304942A96854800E4EBE3 /* Models */ = {
			isa = PBXGroup;
			children = (
				25D3049F2A9698D900E4EBE3 /* View */,
				25D304972A9685C000E4EBE3 /* Response */,
			);
			path = Models;
			sourceTree = "<group>";
		};
		25D304952A96855A00E4EBE3 /* Common */ = {
			isa = PBXGroup;
			children = (
				25D304D22A97F2A900E4EBE3 /* DependencyContainer */,
				25D304CC2A97F04C00E4EBE3 /* Protocols */,
				25D304A72A96CE7300E4EBE3 /* Helpers */,
				25D304942A96854800E4EBE3 /* Models */,
				25D304B22A97780B00E4EBE3 /* DomainError.swift */,
			);
			path = Common;
			sourceTree = "<group>";
		};
		25D304972A9685C000E4EBE3 /* Response */ = {
			isa = PBXGroup;
			children = (
				25D304982A9685D400E4EBE3 /* SearchResponse.swift */,
			);
			path = Response;
			sourceTree = "<group>";
		};
		25D3049C2A96908A00E4EBE3 /* Presenter */ = {
			isa = PBXGroup;
			children = (
				25D3049D2A9690C300E4EBE3 /* SearchImagePresenter.swift */,
			);
			path = Presenter;
			sourceTree = "<group>";
		};
		25D3049F2A9698D900E4EBE3 /* View */ = {
			isa = PBXGroup;
			children = (
				25D304A02A9698E800E4EBE3 /* SearchImageViewModel.swift */,
			);
			path = View;
			sourceTree = "<group>";
		};
		25D304A72A96CE7300E4EBE3 /* Helpers */ = {
			isa = PBXGroup;
			children = (
				25D304C22A97DE0000E4EBE3 /* Extensions */,
				25D304A82A96CE7D00E4EBE3 /* MainQueueDispatchDecorator.swift */,
				25D304CA2A97E1C900E4EBE3 /* HTMLSizeMapper.swift */,
			);
			path = Helpers;
			sourceTree = "<group>";
		};
		25D304AA2A96CE9300E4EBE3 /* Extension */ = {
			isa = PBXGroup;
			children = (
				25D304AB2A96CEB500E4EBE3 /* MainQueueDispatchDecorator+LoadSearchItems.swift */,
			);
			path = Extension;
			sourceTree = "<group>";
		};
		25D304AD2A9774CB00E4EBE3 /* Constants */ = {
			isa = PBXGroup;
			children = (
				25D304AE2A9774D700E4EBE3 /* Enviroment.swift */,
				25D304C02A97D88000E4EBE3 /* Metrics.swift */,
			);
			path = Constants;
			sourceTree = "<group>";
		};
		25D304B62A9798F700E4EBE3 /* Presentation */ = {
			isa = PBXGroup;
			children = (
				25D304BE2A97CA6C00E4EBE3 /* ViewModel */,
				25D304B92A97991300E4EBE3 /* Presenter */,
				25D304B82A97990B00E4EBE3 /* View */,
				25D304B72A97990200E4EBE3 /* Controller */,
			);
			path = Presentation;
			sourceTree = "<group>";
		};
		25D304B72A97990200E4EBE3 /* Controller */ = {
			isa = PBXGroup;
			children = (
				25D304B42A97966E00E4EBE3 /* ImageDetailViewController.swift */,
			);
			path = Controller;
			sourceTree = "<group>";
		};
		25D304B82A97990B00E4EBE3 /* View */ = {
			isa = PBXGroup;
			children = (
				25D304C52A97DEB000E4EBE3 /* Custom */,
				25D304BA2A97992000E4EBE3 /* ImageDetailView.swift */,
			);
			path = View;
			sourceTree = "<group>";
		};
		25D304B92A97991300E4EBE3 /* Presenter */ = {
			isa = PBXGroup;
			children = (
				25D304BC2A97ABE500E4EBE3 /* ImageDetailPresenter.swift */,
			);
			path = Presenter;
			sourceTree = "<group>";
		};
		25D304BE2A97CA6C00E4EBE3 /* ViewModel */ = {
			isa = PBXGroup;
			children = (
			);
			path = ViewModel;
			sourceTree = "<group>";
		};
		25D304C22A97DE0000E4EBE3 /* Extensions */ = {
			isa = PBXGroup;
			children = (
				25D304C32A97DE0D00E4EBE3 /* Date+Formatter.swift */,
			);
			path = Extensions;
			sourceTree = "<group>";
		};
		25D304C52A97DEB000E4EBE3 /* Custom */ = {
			isa = PBXGroup;
			children = (
				25D304C62A97DEB900E4EBE3 /* DetailRowView.swift */,
				25D304C82A97DEDE00E4EBE3 /* DetailInfoContainerView.swift */,
			);
			path = Custom;
			sourceTree = "<group>";
		};
		25D304CC2A97F04C00E4EBE3 /* Protocols */ = {
			isa = PBXGroup;
			children = (
				25D304CD2A97F05E00E4EBE3 /* Coordinator.swift */,
			);
			path = Protocols;
			sourceTree = "<group>";
		};
		25D304CF2A97F0A800E4EBE3 /* Flow */ = {
			isa = PBXGroup;
			children = (
				25D304D02A97F0C000E4EBE3 /* SearchImageCoordinator.swift */,
				25D304D52A97F72800E4EBE3 /* SearchImageFactory.swift */,
			);
			path = Flow;
			sourceTree = "<group>";
		};
		25D304D22A97F2A900E4EBE3 /* DependencyContainer */ = {
			isa = PBXGroup;
			children = (
				25D304D32A97F2BD00E4EBE3 /* DependencyContainer.swift */,
			);
			path = DependencyContainer;
			sourceTree = "<group>";
		};
		25D304D72A97F85F00E4EBE3 /* Frameworks */ = {
			isa = PBXGroup;
			children = (
			);
			name = Frameworks;
			sourceTree = "<group>";
		};
		25D304DA2A98CD4E00E4EBE3 /* Extensions */ = {
			isa = PBXGroup;
			children = (
				25D304DB2A98CD9E00E4EBE3 /* XCTestCase+MemoryLeak.swift */,
			);
			path = Extensions;
			sourceTree = "<group>";
		};
/* End PBXGroup section */

/* Begin PBXNativeTarget section */
		2565A4E82A96538C0033FEDB /* AppGarden */ = {
			isa = PBXNativeTarget;
			buildConfigurationList = 2565A5132A96538E0033FEDB /* Build configuration list for PBXNativeTarget "AppGarden" */;
			buildPhases = (
				2565A4E52A96538C0033FEDB /* Sources */,
				2565A4E62A96538C0033FEDB /* Frameworks */,
				2565A4E72A96538C0033FEDB /* Resources */,
			);
			buildRules = (
			);
			dependencies = (
			);
			name = AppGarden;
			packageProductDependencies = (
				25D3046C2A96690F00E4EBE3 /* LHNetworkClient */,
				25D3047B2A96718B00E4EBE3 /* LHHelpers */,
				25D304A32A96994700E4EBE3 /* SDWebImage */,
			);
			productName = AppGarden;
			productReference = 2565A4E92A96538C0033FEDB /* AppGarden.app */;
			productType = "com.apple.product-type.application";
		};
		2565A4FE2A96538E0033FEDB /* AppGardenTests */ = {
			isa = PBXNativeTarget;
			buildConfigurationList = 2565A5162A96538E0033FEDB /* Build configuration list for PBXNativeTarget "AppGardenTests" */;
			buildPhases = (
				2565A4FB2A96538E0033FEDB /* Sources */,
				2565A4FC2A96538E0033FEDB /* Frameworks */,
				2565A4FD2A96538E0033FEDB /* Resources */,
			);
			buildRules = (
			);
			dependencies = (
				2565A5012A96538E0033FEDB /* PBXTargetDependency */,
			);
			name = AppGardenTests;
			packageProductDependencies = (
				25D304D82A97F85F00E4EBE3 /* SDWebImage */,
			);
			productName = AppGardenTests;
			productReference = 2565A4FF2A96538E0033FEDB /* AppGardenTests.xctest */;
			productType = "com.apple.product-type.bundle.unit-test";
		};
		2565A5082A96538E0033FEDB /* AppGardenUITests */ = {
			isa = PBXNativeTarget;
			buildConfigurationList = 2565A5192A96538E0033FEDB /* Build configuration list for PBXNativeTarget "AppGardenUITests" */;
			buildPhases = (
				2565A5052A96538E0033FEDB /* Sources */,
				2565A5062A96538E0033FEDB /* Frameworks */,
				2565A5072A96538E0033FEDB /* Resources */,
			);
			buildRules = (
			);
			dependencies = (
				2565A50B2A96538E0033FEDB /* PBXTargetDependency */,
			);
			name = AppGardenUITests;
			productName = AppGardenUITests;
			productReference = 2565A5092A96538E0033FEDB /* AppGardenUITests.xctest */;
			productType = "com.apple.product-type.bundle.ui-testing";
		};
/* End PBXNativeTarget section */

/* Begin PBXProject section */
		2565A4E12A96538C0033FEDB /* Project object */ = {
			isa = PBXProject;
			attributes = {
				BuildIndependentTargetsInParallel = 1;
				LastSwiftUpdateCheck = 1430;
				LastUpgradeCheck = 1430;
				TargetAttributes = {
					2565A4E82A96538C0033FEDB = {
						CreatedOnToolsVersion = 14.3.1;
					};
					2565A4FE2A96538E0033FEDB = {
						CreatedOnToolsVersion = 14.3.1;
						TestTargetID = 2565A4E82A96538C0033FEDB;
					};
					2565A5082A96538E0033FEDB = {
						CreatedOnToolsVersion = 14.3.1;
						TestTargetID = 2565A4E82A96538C0033FEDB;
					};
				};
			};
			buildConfigurationList = 2565A4E42A96538C0033FEDB /* Build configuration list for PBXProject "AppGarden" */;
			compatibilityVersion = "Xcode 14.0";
			developmentRegion = en;
			hasScannedForEncodings = 0;
			knownRegions = (
				en,
				Base,
			);
			mainGroup = 2565A4E02A96538C0033FEDB;
			packageReferences = (
				25D3046B2A96690F00E4EBE3 /* XCRemoteSwiftPackageReference "LHNetworkClient" */,
				25D3047A2A96718B00E4EBE3 /* XCRemoteSwiftPackageReference "LHHelpers" */,
				25D304A22A96994700E4EBE3 /* XCRemoteSwiftPackageReference "SDWebImage" */,
			);
			productRefGroup = 2565A4EA2A96538C0033FEDB /* Products */;
			projectDirPath = "";
			projectRoot = "";
			targets = (
				2565A4E82A96538C0033FEDB /* AppGarden */,
				2565A4FE2A96538E0033FEDB /* AppGardenTests */,
				2565A5082A96538E0033FEDB /* AppGardenUITests */,
			);
		};
/* End PBXProject section */

/* Begin PBXResourcesBuildPhase section */
		2565A4E72A96538C0033FEDB /* Resources */ = {
			isa = PBXResourcesBuildPhase;
			buildActionMask = 2147483647;
			files = (
				2565A4F92A96538E0033FEDB /* LaunchScreen.storyboard in Resources */,
				25D304842A967E2B00E4EBE3 /* Localizable.strings in Resources */,
				2565A4F62A96538E0033FEDB /* Assets.xcassets in Resources */,
			);
			runOnlyForDeploymentPostprocessing = 0;
		};
		2565A4FD2A96538E0033FEDB /* Resources */ = {
			isa = PBXResourcesBuildPhase;
			buildActionMask = 2147483647;
			files = (
			);
			runOnlyForDeploymentPostprocessing = 0;
		};
		2565A5072A96538E0033FEDB /* Resources */ = {
			isa = PBXResourcesBuildPhase;
			buildActionMask = 2147483647;
			files = (
			);
			runOnlyForDeploymentPostprocessing = 0;
		};
/* End PBXResourcesBuildPhase section */

/* Begin PBXSourcesBuildPhase section */
		2565A4E52A96538C0033FEDB /* Sources */ = {
			isa = PBXSourcesBuildPhase;
			buildActionMask = 2147483647;
			files = (
				25D304992A9685D400E4EBE3 /* SearchResponse.swift in Sources */,
				25D304C92A97DEDE00E4EBE3 /* DetailInfoContainerView.swift in Sources */,
				25D304B12A9777C500E4EBE3 /* SearchProvider.swift in Sources */,
				25D3048C2A96828400E4EBE3 /* SearchImageView.swift in Sources */,
				25D3049B2A968B7700E4EBE3 /* RemoteLoadSearchItems.swift in Sources */,
				25D304C72A97DEB900E4EBE3 /* DetailRowView.swift in Sources */,
				25D304C42A97DE0D00E4EBE3 /* Date+Formatter.swift in Sources */,
				2565A4F12A96538C0033FEDB /* SearchImageViewController.swift in Sources */,
				25D304AF2A9774D700E4EBE3 /* Enviroment.swift in Sources */,
				25D304A92A96CE7D00E4EBE3 /* MainQueueDispatchDecorator.swift in Sources */,
				25D304C12A97D88000E4EBE3 /* Metrics.swift in Sources */,
				25D304A12A9698E800E4EBE3 /* SearchImageViewModel.swift in Sources */,
				2565A4ED2A96538C0033FEDB /* AppDelegate.swift in Sources */,
				25D304882A96815B00E4EBE3 /* Strings.swift in Sources */,
				25D3048A2A96823000E4EBE3 /* ImageGridCell.swift in Sources */,
				2565A4EF2A96538C0033FEDB /* SceneDelegate.swift in Sources */,
				25D304D42A97F2BD00E4EBE3 /* DependencyContainer.swift in Sources */,
				25D304AC2A96CEB500E4EBE3 /* MainQueueDispatchDecorator+LoadSearchItems.swift in Sources */,
				25D304A62A96CD6000E4EBE3 /* SearchErrorView.swift in Sources */,
				25D304D12A97F0C000E4EBE3 /* SearchImageCoordinator.swift in Sources */,
				25D304BD2A97ABE500E4EBE3 /* ImageDetailPresenter.swift in Sources */,
				25D304B52A97966E00E4EBE3 /* ImageDetailViewController.swift in Sources */,
				25D304CB2A97E1C900E4EBE3 /* HTMLSizeMapper.swift in Sources */,
				25D304B32A97780B00E4EBE3 /* DomainError.swift in Sources */,
				25D304D62A97F72900E4EBE3 /* SearchImageFactory.swift in Sources */,
				25D304CE2A97F05E00E4EBE3 /* Coordinator.swift in Sources */,
				25D3049E2A9690C300E4EBE3 /* SearchImagePresenter.swift in Sources */,
				25D304BB2A97992000E4EBE3 /* ImageDetailView.swift in Sources */,
			);
			runOnlyForDeploymentPostprocessing = 0;
		};
		2565A4FB2A96538E0033FEDB /* Sources */ = {
			isa = PBXSourcesBuildPhase;
			buildActionMask = 2147483647;
			files = (
				2565A5042A96538E0033FEDB /* RemoteLoadSearchItemsTests.swift in Sources */,
				25D304DC2A98CD9E00E4EBE3 /* XCTestCase+MemoryLeak.swift in Sources */,
				25AC1F412A98D0A00068FF4D /* SearchImagePresenter.swift in Sources */,
				250A715B2A98442A00B03B61 /* HTTPClientSpy.swift in Sources */,
			);
			runOnlyForDeploymentPostprocessing = 0;
		};
		2565A5052A96538E0033FEDB /* Sources */ = {
			isa = PBXSourcesBuildPhase;
			buildActionMask = 2147483647;
			files = (
				2565A50E2A96538E0033FEDB /* AppGardenUITests.swift in Sources */,
				2565A5102A96538E0033FEDB /* AppGardenUITestsLaunchTests.swift in Sources */,
			);
			runOnlyForDeploymentPostprocessing = 0;
		};
/* End PBXSourcesBuildPhase section */

/* Begin PBXTargetDependency section */
		2565A5012A96538E0033FEDB /* PBXTargetDependency */ = {
			isa = PBXTargetDependency;
			target = 2565A4E82A96538C0033FEDB /* AppGarden */;
			targetProxy = 2565A5002A96538E0033FEDB /* PBXContainerItemProxy */;
		};
		2565A50B2A96538E0033FEDB /* PBXTargetDependency */ = {
			isa = PBXTargetDependency;
			target = 2565A4E82A96538C0033FEDB /* AppGarden */;
			targetProxy = 2565A50A2A96538E0033FEDB /* PBXContainerItemProxy */;
		};
/* End PBXTargetDependency section */

/* Begin PBXVariantGroup section */
		2565A4F72A96538E0033FEDB /* LaunchScreen.storyboard */ = {
			isa = PBXVariantGroup;
			children = (
				2565A4F82A96538E0033FEDB /* Base */,
			);
			name = LaunchScreen.storyboard;
			sourceTree = "<group>";
		};
		25D304862A967E2B00E4EBE3 /* Localizable.strings */ = {
			isa = PBXVariantGroup;
			children = (
				25D304852A967E2B00E4EBE3 /* en */,
			);
			name = Localizable.strings;
			sourceTree = "<group>";
		};
/* End PBXVariantGroup section */

/* Begin XCBuildConfiguration section */
		2565A5112A96538E0033FEDB /* Debug */ = {
			isa = XCBuildConfiguration;
			buildSettings = {
				ALWAYS_SEARCH_USER_PATHS = NO;
				CLANG_ANALYZER_NONNULL = YES;
				CLANG_ANALYZER_NUMBER_OBJECT_CONVERSION = YES_AGGRESSIVE;
				CLANG_CXX_LANGUAGE_STANDARD = "gnu++20";
				CLANG_ENABLE_MODULES = YES;
				CLANG_ENABLE_OBJC_ARC = YES;
				CLANG_ENABLE_OBJC_WEAK = YES;
				CLANG_WARN_BLOCK_CAPTURE_AUTORELEASING = YES;
				CLANG_WARN_BOOL_CONVERSION = YES;
				CLANG_WARN_COMMA = YES;
				CLANG_WARN_CONSTANT_CONVERSION = YES;
				CLANG_WARN_DEPRECATED_OBJC_IMPLEMENTATIONS = YES;
				CLANG_WARN_DIRECT_OBJC_ISA_USAGE = YES_ERROR;
				CLANG_WARN_DOCUMENTATION_COMMENTS = YES;
				CLANG_WARN_EMPTY_BODY = YES;
				CLANG_WARN_ENUM_CONVERSION = YES;
				CLANG_WARN_INFINITE_RECURSION = YES;
				CLANG_WARN_INT_CONVERSION = YES;
				CLANG_WARN_NON_LITERAL_NULL_CONVERSION = YES;
				CLANG_WARN_OBJC_IMPLICIT_RETAIN_SELF = YES;
				CLANG_WARN_OBJC_LITERAL_CONVERSION = YES;
				CLANG_WARN_OBJC_ROOT_CLASS = YES_ERROR;
				CLANG_WARN_QUOTED_INCLUDE_IN_FRAMEWORK_HEADER = YES;
				CLANG_WARN_RANGE_LOOP_ANALYSIS = YES;
				CLANG_WARN_STRICT_PROTOTYPES = YES;
				CLANG_WARN_SUSPICIOUS_MOVE = YES;
				CLANG_WARN_UNGUARDED_AVAILABILITY = YES_AGGRESSIVE;
				CLANG_WARN_UNREACHABLE_CODE = YES;
				CLANG_WARN__DUPLICATE_METHOD_MATCH = YES;
				COPY_PHASE_STRIP = NO;
				DEBUG_INFORMATION_FORMAT = dwarf;
				ENABLE_STRICT_OBJC_MSGSEND = YES;
				ENABLE_TESTABILITY = YES;
				GCC_C_LANGUAGE_STANDARD = gnu11;
				GCC_DYNAMIC_NO_PIC = NO;
				GCC_NO_COMMON_BLOCKS = YES;
				GCC_OPTIMIZATION_LEVEL = 0;
				GCC_PREPROCESSOR_DEFINITIONS = (
					"DEBUG=1",
					"$(inherited)",
				);
				GCC_WARN_64_TO_32_BIT_CONVERSION = YES;
				GCC_WARN_ABOUT_RETURN_TYPE = YES_ERROR;
				GCC_WARN_UNDECLARED_SELECTOR = YES;
				GCC_WARN_UNINITIALIZED_AUTOS = YES_AGGRESSIVE;
				GCC_WARN_UNUSED_FUNCTION = YES;
				GCC_WARN_UNUSED_VARIABLE = YES;
				IPHONEOS_DEPLOYMENT_TARGET = 16.4;
				MTL_ENABLE_DEBUG_INFO = INCLUDE_SOURCE;
				MTL_FAST_MATH = YES;
				ONLY_ACTIVE_ARCH = YES;
				SDKROOT = iphoneos;
				SWIFT_ACTIVE_COMPILATION_CONDITIONS = DEBUG;
				SWIFT_OPTIMIZATION_LEVEL = "-Onone";
			};
			name = Debug;
		};
		2565A5122A96538E0033FEDB /* Release */ = {
			isa = XCBuildConfiguration;
			buildSettings = {
				ALWAYS_SEARCH_USER_PATHS = NO;
				CLANG_ANALYZER_NONNULL = YES;
				CLANG_ANALYZER_NUMBER_OBJECT_CONVERSION = YES_AGGRESSIVE;
				CLANG_CXX_LANGUAGE_STANDARD = "gnu++20";
				CLANG_ENABLE_MODULES = YES;
				CLANG_ENABLE_OBJC_ARC = YES;
				CLANG_ENABLE_OBJC_WEAK = YES;
				CLANG_WARN_BLOCK_CAPTURE_AUTORELEASING = YES;
				CLANG_WARN_BOOL_CONVERSION = YES;
				CLANG_WARN_COMMA = YES;
				CLANG_WARN_CONSTANT_CONVERSION = YES;
				CLANG_WARN_DEPRECATED_OBJC_IMPLEMENTATIONS = YES;
				CLANG_WARN_DIRECT_OBJC_ISA_USAGE = YES_ERROR;
				CLANG_WARN_DOCUMENTATION_COMMENTS = YES;
				CLANG_WARN_EMPTY_BODY = YES;
				CLANG_WARN_ENUM_CONVERSION = YES;
				CLANG_WARN_INFINITE_RECURSION = YES;
				CLANG_WARN_INT_CONVERSION = YES;
				CLANG_WARN_NON_LITERAL_NULL_CONVERSION = YES;
				CLANG_WARN_OBJC_IMPLICIT_RETAIN_SELF = YES;
				CLANG_WARN_OBJC_LITERAL_CONVERSION = YES;
				CLANG_WARN_OBJC_ROOT_CLASS = YES_ERROR;
				CLANG_WARN_QUOTED_INCLUDE_IN_FRAMEWORK_HEADER = YES;
				CLANG_WARN_RANGE_LOOP_ANALYSIS = YES;
				CLANG_WARN_STRICT_PROTOTYPES = YES;
				CLANG_WARN_SUSPICIOUS_MOVE = YES;
				CLANG_WARN_UNGUARDED_AVAILABILITY = YES_AGGRESSIVE;
				CLANG_WARN_UNREACHABLE_CODE = YES;
				CLANG_WARN__DUPLICATE_METHOD_MATCH = YES;
				COPY_PHASE_STRIP = NO;
				DEBUG_INFORMATION_FORMAT = "dwarf-with-dsym";
				ENABLE_NS_ASSERTIONS = NO;
				ENABLE_STRICT_OBJC_MSGSEND = YES;
				GCC_C_LANGUAGE_STANDARD = gnu11;
				GCC_NO_COMMON_BLOCKS = YES;
				GCC_WARN_64_TO_32_BIT_CONVERSION = YES;
				GCC_WARN_ABOUT_RETURN_TYPE = YES_ERROR;
				GCC_WARN_UNDECLARED_SELECTOR = YES;
				GCC_WARN_UNINITIALIZED_AUTOS = YES_AGGRESSIVE;
				GCC_WARN_UNUSED_FUNCTION = YES;
				GCC_WARN_UNUSED_VARIABLE = YES;
				IPHONEOS_DEPLOYMENT_TARGET = 16.4;
				MTL_ENABLE_DEBUG_INFO = NO;
				MTL_FAST_MATH = YES;
				SDKROOT = iphoneos;
				SWIFT_COMPILATION_MODE = wholemodule;
				SWIFT_OPTIMIZATION_LEVEL = "-O";
				VALIDATE_PRODUCT = YES;
			};
			name = Release;
		};
		2565A5142A96538E0033FEDB /* Debug */ = {
			isa = XCBuildConfiguration;
			buildSettings = {
				ASSETCATALOG_COMPILER_APPICON_NAME = AppIcon;
				ASSETCATALOG_COMPILER_GLOBAL_ACCENT_COLOR_NAME = AccentColor;
				CODE_SIGN_STYLE = Automatic;
				CURRENT_PROJECT_VERSION = 1;
				DEVELOPMENT_TEAM = M2DD4Z95YZ;
				GENERATE_INFOPLIST_FILE = YES;
				INFOPLIST_FILE = AppGarden/Info.plist;
				INFOPLIST_KEY_UIApplicationSupportsIndirectInputEvents = YES;
				INFOPLIST_KEY_UILaunchStoryboardName = LaunchScreen;
				INFOPLIST_KEY_UISupportedInterfaceOrientations = UIInterfaceOrientationPortrait;
				INFOPLIST_KEY_UISupportedInterfaceOrientations_iPad = "UIInterfaceOrientationLandscapeLeft UIInterfaceOrientationLandscapeRight UIInterfaceOrientationPortrait UIInterfaceOrientationPortraitUpsideDown";
				LD_RUNPATH_SEARCH_PATHS = (
					"$(inherited)",
					"@executable_path/Frameworks",
				);
				MARKETING_VERSION = 1.0;
				PRODUCT_BUNDLE_IDENTIFIER = LuizHammerli.AppGarden;
				PRODUCT_NAME = "$(TARGET_NAME)";
				SUPPORTED_PLATFORMS = "iphoneos iphonesimulator";
				SUPPORTS_MACCATALYST = NO;
				SUPPORTS_MAC_DESIGNED_FOR_IPHONE_IPAD = NO;
				SWIFT_EMIT_LOC_STRINGS = YES;
				SWIFT_VERSION = 5.0;
				TARGETED_DEVICE_FAMILY = 1;
			};
			name = Debug;
		};
		2565A5152A96538E0033FEDB /* Release */ = {
			isa = XCBuildConfiguration;
			buildSettings = {
				ASSETCATALOG_COMPILER_APPICON_NAME = AppIcon;
				ASSETCATALOG_COMPILER_GLOBAL_ACCENT_COLOR_NAME = AccentColor;
				CODE_SIGN_STYLE = Automatic;
				CURRENT_PROJECT_VERSION = 1;
				DEVELOPMENT_TEAM = M2DD4Z95YZ;
				GENERATE_INFOPLIST_FILE = YES;
				INFOPLIST_FILE = AppGarden/Info.plist;
				INFOPLIST_KEY_UIApplicationSupportsIndirectInputEvents = YES;
				INFOPLIST_KEY_UILaunchStoryboardName = LaunchScreen;
				INFOPLIST_KEY_UISupportedInterfaceOrientations = UIInterfaceOrientationPortrait;
				INFOPLIST_KEY_UISupportedInterfaceOrientations_iPad = "UIInterfaceOrientationLandscapeLeft UIInterfaceOrientationLandscapeRight UIInterfaceOrientationPortrait UIInterfaceOrientationPortraitUpsideDown";
				LD_RUNPATH_SEARCH_PATHS = (
					"$(inherited)",
					"@executable_path/Frameworks",
				);
				MARKETING_VERSION = 1.0;
				PRODUCT_BUNDLE_IDENTIFIER = LuizHammerli.AppGarden;
				PRODUCT_NAME = "$(TARGET_NAME)";
				SUPPORTED_PLATFORMS = "iphoneos iphonesimulator";
				SUPPORTS_MACCATALYST = NO;
				SUPPORTS_MAC_DESIGNED_FOR_IPHONE_IPAD = NO;
				SWIFT_EMIT_LOC_STRINGS = YES;
				SWIFT_VERSION = 5.0;
				TARGETED_DEVICE_FAMILY = 1;
			};
			name = Release;
		};
		2565A5172A96538E0033FEDB /* Debug */ = {
			isa = XCBuildConfiguration;
			buildSettings = {
				ALWAYS_EMBED_SWIFT_STANDARD_LIBRARIES = YES;
				BUNDLE_LOADER = "$(TEST_HOST)";
				CODE_SIGN_STYLE = Automatic;
				CURRENT_PROJECT_VERSION = 1;
				DEVELOPMENT_TEAM = M2DD4Z95YZ;
				GENERATE_INFOPLIST_FILE = YES;
				IPHONEOS_DEPLOYMENT_TARGET = 16.4;
				MARKETING_VERSION = 1.0;
				PRODUCT_BUNDLE_IDENTIFIER = LuizHammerli.AppGardenTests;
				PRODUCT_NAME = "$(TARGET_NAME)";
				SUPPORTED_PLATFORMS = "iphoneos iphonesimulator";
				SUPPORTS_MACCATALYST = NO;
				SUPPORTS_MAC_DESIGNED_FOR_IPHONE_IPAD = NO;
				SWIFT_EMIT_LOC_STRINGS = NO;
				SWIFT_VERSION = 5.0;
				TARGETED_DEVICE_FAMILY = 1;
				TEST_HOST = "$(BUILT_PRODUCTS_DIR)/AppGarden.app/$(BUNDLE_EXECUTABLE_FOLDER_PATH)/AppGarden";
			};
			name = Debug;
		};
		2565A5182A96538E0033FEDB /* Release */ = {
			isa = XCBuildConfiguration;
			buildSettings = {
				ALWAYS_EMBED_SWIFT_STANDARD_LIBRARIES = YES;
				BUNDLE_LOADER = "$(TEST_HOST)";
				CODE_SIGN_STYLE = Automatic;
				CURRENT_PROJECT_VERSION = 1;
				DEVELOPMENT_TEAM = M2DD4Z95YZ;
				GENERATE_INFOPLIST_FILE = YES;
				IPHONEOS_DEPLOYMENT_TARGET = 16.4;
				MARKETING_VERSION = 1.0;
				PRODUCT_BUNDLE_IDENTIFIER = LuizHammerli.AppGardenTests;
				PRODUCT_NAME = "$(TARGET_NAME)";
				SUPPORTED_PLATFORMS = "iphoneos iphonesimulator";
				SUPPORTS_MACCATALYST = NO;
				SUPPORTS_MAC_DESIGNED_FOR_IPHONE_IPAD = NO;
				SWIFT_EMIT_LOC_STRINGS = NO;
				SWIFT_VERSION = 5.0;
				TARGETED_DEVICE_FAMILY = 1;
				TEST_HOST = "$(BUILT_PRODUCTS_DIR)/AppGarden.app/$(BUNDLE_EXECUTABLE_FOLDER_PATH)/AppGarden";
			};
			name = Release;
		};
		2565A51A2A96538E0033FEDB /* Debug */ = {
			isa = XCBuildConfiguration;
			buildSettings = {
				ALWAYS_EMBED_SWIFT_STANDARD_LIBRARIES = YES;
				CODE_SIGN_STYLE = Automatic;
				CURRENT_PROJECT_VERSION = 1;
				DEVELOPMENT_TEAM = M2DD4Z95YZ;
				GENERATE_INFOPLIST_FILE = YES;
				MARKETING_VERSION = 1.0;
				PRODUCT_BUNDLE_IDENTIFIER = LuizHammerli.AppGardenUITests;
				PRODUCT_NAME = "$(TARGET_NAME)";
				SUPPORTED_PLATFORMS = "iphoneos iphonesimulator";
				SUPPORTS_MACCATALYST = NO;
				SUPPORTS_MAC_DESIGNED_FOR_IPHONE_IPAD = NO;
				SWIFT_EMIT_LOC_STRINGS = NO;
				SWIFT_VERSION = 5.0;
				TARGETED_DEVICE_FAMILY = 1;
				TEST_TARGET_NAME = AppGarden;
			};
			name = Debug;
		};
		2565A51B2A96538E0033FEDB /* Release */ = {
			isa = XCBuildConfiguration;
			buildSettings = {
				ALWAYS_EMBED_SWIFT_STANDARD_LIBRARIES = YES;
				CODE_SIGN_STYLE = Automatic;
				CURRENT_PROJECT_VERSION = 1;
				DEVELOPMENT_TEAM = M2DD4Z95YZ;
				GENERATE_INFOPLIST_FILE = YES;
				MARKETING_VERSION = 1.0;
				PRODUCT_BUNDLE_IDENTIFIER = LuizHammerli.AppGardenUITests;
				PRODUCT_NAME = "$(TARGET_NAME)";
				SUPPORTED_PLATFORMS = "iphoneos iphonesimulator";
				SUPPORTS_MACCATALYST = NO;
				SUPPORTS_MAC_DESIGNED_FOR_IPHONE_IPAD = NO;
				SWIFT_EMIT_LOC_STRINGS = NO;
				SWIFT_VERSION = 5.0;
				TARGETED_DEVICE_FAMILY = 1;
				TEST_TARGET_NAME = AppGarden;
			};
			name = Release;
		};
/* End XCBuildConfiguration section */

/* Begin XCConfigurationList section */
		2565A4E42A96538C0033FEDB /* Build configuration list for PBXProject "AppGarden" */ = {
			isa = XCConfigurationList;
			buildConfigurations = (
				2565A5112A96538E0033FEDB /* Debug */,
				2565A5122A96538E0033FEDB /* Release */,
			);
			defaultConfigurationIsVisible = 0;
			defaultConfigurationName = Release;
		};
		2565A5132A96538E0033FEDB /* Build configuration list for PBXNativeTarget "AppGarden" */ = {
			isa = XCConfigurationList;
			buildConfigurations = (
				2565A5142A96538E0033FEDB /* Debug */,
				2565A5152A96538E0033FEDB /* Release */,
			);
			defaultConfigurationIsVisible = 0;
			defaultConfigurationName = Release;
		};
		2565A5162A96538E0033FEDB /* Build configuration list for PBXNativeTarget "AppGardenTests" */ = {
			isa = XCConfigurationList;
			buildConfigurations = (
				2565A5172A96538E0033FEDB /* Debug */,
				2565A5182A96538E0033FEDB /* Release */,
			);
			defaultConfigurationIsVisible = 0;
			defaultConfigurationName = Release;
		};
		2565A5192A96538E0033FEDB /* Build configuration list for PBXNativeTarget "AppGardenUITests" */ = {
			isa = XCConfigurationList;
			buildConfigurations = (
				2565A51A2A96538E0033FEDB /* Debug */,
				2565A51B2A96538E0033FEDB /* Release */,
			);
			defaultConfigurationIsVisible = 0;
			defaultConfigurationName = Release;
		};
/* End XCConfigurationList section */

/* Begin XCRemoteSwiftPackageReference section */
		25D3046B2A96690F00E4EBE3 /* XCRemoteSwiftPackageReference "LHNetworkClient" */ = {
			isa = XCRemoteSwiftPackageReference;
			repositoryURL = "https://github.com/luizhammeli/LHNetworkClient.git";
			requirement = {
				branch = main;
				kind = branch;
			};
		};
		25D3047A2A96718B00E4EBE3 /* XCRemoteSwiftPackageReference "LHHelpers" */ = {
			isa = XCRemoteSwiftPackageReference;
			repositoryURL = "https://github.com/luizhammeli/LHHelpers.git";
			requirement = {
				branch = main;
				kind = branch;
			};
		};
		25D304A22A96994700E4EBE3 /* XCRemoteSwiftPackageReference "SDWebImage" */ = {
			isa = XCRemoteSwiftPackageReference;
			repositoryURL = "https://github.com/SDWebImage/SDWebImage.git";
			requirement = {
				kind = upToNextMajorVersion;
				minimumVersion = 5.0.0;
			};
		};
/* End XCRemoteSwiftPackageReference section */

/* Begin XCSwiftPackageProductDependency section */
		25D3046C2A96690F00E4EBE3 /* LHNetworkClient */ = {
			isa = XCSwiftPackageProductDependency;
			package = 25D3046B2A96690F00E4EBE3 /* XCRemoteSwiftPackageReference "LHNetworkClient" */;
			productName = LHNetworkClient;
		};
		25D3047B2A96718B00E4EBE3 /* LHHelpers */ = {
			isa = XCSwiftPackageProductDependency;
			package = 25D3047A2A96718B00E4EBE3 /* XCRemoteSwiftPackageReference "LHHelpers" */;
			productName = LHHelpers;
		};
		25D304A32A96994700E4EBE3 /* SDWebImage */ = {
			isa = XCSwiftPackageProductDependency;
			package = 25D304A22A96994700E4EBE3 /* XCRemoteSwiftPackageReference "SDWebImage" */;
			productName = SDWebImage;
		};
		25D304D82A97F85F00E4EBE3 /* SDWebImage */ = {
			isa = XCSwiftPackageProductDependency;
			package = 25D304A22A96994700E4EBE3 /* XCRemoteSwiftPackageReference "SDWebImage" */;
			productName = SDWebImage;
		};
/* End XCSwiftPackageProductDependency section */
	};
	rootObject = 2565A4E12A96538C0033FEDB /* Project object */;
}
