{
  "pins" : [
    {
      "identity" : "lhhelpers",
      "kind" : "remoteSourceControl",
      "location" : "https://github.com/luizhammeli/LHHelpers.git",
      "state" : {
        "branch" : "main",
        "revision" : "73458c0e7dafe5cb99bfdef93783f5f1c70aac70"
      }
    },
    {
      "identity" : "lhnetworkclient",
      "kind" : "remoteSourceControl",
      "location" : "https://github.com/luizhammeli/LHNetworkClient.git",
      "state" : {
        "branch" : "main",
        "revision" : "32e7e5d67bbc8cf4e9187cc20cee3b45347fce72"
      }
    },
    {
      "identity" : "sdwebimage",
      "kind" : "remoteSourceControl",
      "location" : "https://github.com/SDWebImage/SDWebImage.git",
      "state" : {
        "revision" : "633996a807442ec28df9d33b0f88ce57a0e2fdbf",
        "version" : "5.17.0"
      }
    }
  ],
  "version" : 2
}
